
Microsoft Visual Studio Solution File, Format Version 12.00
# Visual Studio Version 17
VisualStudioVersion = 17.14.36221.1 d17.14
MinimumVisualStudioVersion = 10.0.40219.1
Project("{FAE04EC0-301F-11D3-BF4B-00C04F79EFBC}") = "proje", "proje\proje.csproj", "{CDD29BFD-98C1-4CCF-8C84-18A2743AED84}"
EndProject
Global
	GlobalSection(SolutionConfigurationPlatforms) = preSolution
		Debug|Any CPU = Debug|Any CPU
		Release|Any CPU = Release|Any CPU
	EndGlobalSection
	GlobalSection(ProjectConfigurationPlatforms) = postSolution
		{CDD29BFD-98C1-4CCF-8C84-18A2743AED84}.Debug|Any CPU.ActiveCfg = Debug|Any CPU
		{CDD29BFD-98C1-4CCF-8C84-18A2743AED84}.Debug|Any CPU.Build.0 = Debug|Any CPU
		{CDD29BFD-98C1-4CCF-8C84-18A2743AED84}.Release|Any CPU.ActiveCfg = Release|Any CPU
		{CDD29BFD-98C1-4CCF-8C84-18A2743AED84}.Release|Any CPU.Build.0 = Release|Any CPU
	EndGlobalSection
	GlobalSection(SolutionProperties) = preSolution
		HideSolutionNode = FALSE
	EndGlobalSection
	GlobalSection(ExtensibilityGlobals) = postSolution
		SolutionGuid = {83E4BA1B-72C8-40D9-AB80-C010F5DA69A8}
	EndGlobalSection
EndGlobal
